{
  "version": 1,
  "dependencies": {
    "net9.0-windows10.0.19041": {
      "Accord.Math": {
        "type": "Direct",
        "requested": "[3.8.2-alpha, )",
        "resolved": "3.8.2-alpha",
        "contentHash": "derpraljs7QO7U06DzGu1EHNVN+LGM2oA/z3M/zERSWXGs/BVOjMtUBx5WjdMnKXaM0OJiqZFNus3y3C04/H2w==",
        "dependencies": {
          "Accord": "3.8.2-alpha"
        }
      },
      "CommunityToolkit.Mvvm": {
        "type": "Direct",
        "requested": "[8.4.0, )",
        "resolved": "8.4.0",
        "contentHash": "tqVU8yc/ADO9oiTRyTnwhFN68hCwvkliMierptWOudIAvWY1mWCh5VFh+guwHJmpMwfg0J0rY+yyd5Oy7ty9Uw=="
      },
      "CommunityToolkit.WinUI.Lottie": {
        "type": "Direct",
        "requested": "[8.1.240821, )",
        "resolved": "8.1.240821",
        "contentHash": "4c7LGdA+cKijAvKzLwh/uYcmCQ1JV8vxRiDmy10/+bLxF6xqvkh1Wsu0sX4QN/ItAHsg0KhFj5R48b329WDPAg==",
        "dependencies": {
          "Microsoft.Graphics.Win2D": "1.0.4",
          "Microsoft.WindowsAppSDK": "1.3.230331000"
        }
      },
      "H.NotifyIcon.WinUI": {
        "type": "Direct",
        "requested": "[2.3.0, )",
        "resolved": "2.3.0",
        "contentHash": "+v1J8W2uEfkT57SqFph/bqReruxWu4kT/komQ1014JhzhYZQT8KAlChVuFUarxtl5bE13wHf+B410obkikT4lA==",
        "dependencies": {
          "H.NotifyIcon": "2.3.0",
          "Microsoft.WindowsAppSDK": "1.6.250108002",
          "System.Collections.Immutable": "9.0.1",
          "System.Reflection.Metadata": "9.0.1"
        }
      },
      "Microsoft.Extensions.Hosting": {
        "type": "Direct",
        "requested": "[9.0.3, )",
        "resolved": "9.0.3",
        "contentHash": "ioFXglqFA9uCYcKHI3CLVTO3I75jWIhvVxiZBzGeSPxw7XdhDLh0QvbNFrMTbZk9qqEVQcylblcvcNXnFHYXyA==",
        "dependencies": {
          "Microsoft.Extensions.Configuration": "9.0.3",
          "Microsoft.Extensions.Configuration.Abstractions": "9.0.3",
          "Microsoft.Extensions.Configuration.Binder": "9.0.3",
          "Microsoft.Extensions.Configuration.CommandLine": "9.0.3",
          "Microsoft.Extensions.Configuration.EnvironmentVariables": "9.0.3",
          "Microsoft.Extensions.Configuration.FileExtensions": "9.0.3",
          "Microsoft.Extensions.Configuration.Json": "9.0.3",
          "Microsoft.Extensions.Configuration.UserSecrets": "9.0.3",
          "Microsoft.Extensions.DependencyInjection": "9.0.3",
          "Microsoft.Extensions.DependencyInjection.Abstractions": "9.0.3",
          "Microsoft.Extensions.Diagnostics": "9.0.3",
          "Microsoft.Extensions.FileProviders.Abstractions": "9.0.3",
          "Microsoft.Extensions.FileProviders.Physical": "9.0.3",
          "Microsoft.Extensions.Hosting.Abstractions": "9.0.3",
          "Microsoft.Extensions.Logging": "9.0.3",
          "Microsoft.Extensions.Logging.Abstractions": "9.0.3",
          "Microsoft.Extensions.Logging.Configuration": "9.0.3",
          "Microsoft.Extensions.Logging.Console": "9.0.3",
          "Microsoft.Extensions.Logging.Debug": "9.0.3",
          "Microsoft.Extensions.Logging.EventLog": "9.0.3",
          "Microsoft.Extensions.Logging.EventSource": "9.0.3",
          "Microsoft.Extensions.Options": "9.0.3"
        }
      },
      "Microsoft.Graphics.Win2D": {
        "type": "Direct",
        "requested": "[1.3.2, )",
        "resolved": "1.3.2",
        "contentHash": "xAv4+Xj8wePW1innIUSXebX6UHMGDzOxwKPwYNUNY7mBrsRL/hPFEtuPLpBSxc3iBnuaCogPDCDeN7T4b1xV0Q==",
        "dependencies": {
          "Microsoft.WindowsAppSDK": "1.6.241114003"
        }
      },
      "Microsoft.WindowsAppSDK": {
        "type": "Direct",
        "requested": "[1.7.250310001, )",
        "resolved": "1.7.250310001",
        "contentHash": "qSdSuQAOYIyFWEojsGA6EOE2TpdP4n3CBqXXgA+GFTI/kwMVunc85EiXjn1227+HizhIi7J/6Aj0gYUt41DcSw==",
        "dependencies": {
          "Microsoft.Web.WebView2": "1.0.2903.40",
          "Microsoft.Windows.SDK.BuildTools": "10.0.22621.756"
        }
      },
      "Microsoft.Xaml.Behaviors.WinUI.Managed": {
        "type": "Direct",
        "requested": "[3.0.0, )",
        "resolved": "3.0.0",
        "contentHash": "IoeGOYbOvhnNlzYs79z2TB1EFVldlQKJHH1gjUMtrViu+MJZfnkyNeCiK1IBVo8zP86VuFPZ4Yg6Vm4mYJ8tGA==",
        "dependencies": {
          "Microsoft.WindowsAppSDK": "1.6.250108002"
        }
      },
      "Newtonsoft.Json": {
        "type": "Direct",
        "requested": "[13.0.3, )",
        "resolved": "13.0.3",
        "contentHash": "HrC5BXdl00IP9zeV+0Z848QWPAoCr9P3bDEZguI+gkLcBKAOxix/tLEAAHC+UvDNPv4a2d18lOReHMOagPa+zQ=="
      },
      "Octokit": {
        "type": "Direct",
        "requested": "[14.0.0, )",
        "resolved": "14.0.0",
        "contentHash": "jGOuTH1l+TCpJH+fwYOp7USzHDuGfN1jKbLz3J2COwyn+wL08eynvpnM6rY2qkzIEXum3PN2p2QkP3BW/p9Qcw=="
      },
      "System.Management": {
        "type": "Direct",
        "requested": "[9.0.3, )",
        "resolved": "9.0.3",
        "contentHash": "Wsb47+pRN1xnCxKOXcj+80FZ5OYQK2Dr8nnS8CHS1LVB+MXdzyK90sEmDYs/ux+btrxpE1N56FZo5rDbzpd1HA==",
        "dependencies": {
          "System.CodeDom": "9.0.3"
        }
      },
      "System.ServiceProcess.ServiceController": {
        "type": "Direct",
        "requested": "[9.0.3, )",
        "resolved": "9.0.3",
        "contentHash": "moNbNXB7q4flS7bLjBTueu5MBZuxBHb08QTdVeDxJo55TgICdlaq4dvdmusB1D6VoUmq7/dT4uZDZ8KMZScHKg==",
        "dependencies": {
          "System.Diagnostics.EventLog": "9.0.3"
        }
      },
      "System.Threading.AccessControl": {
        "type": "Direct",
        "requested": "[9.0.3, )",
        "resolved": "9.0.3",
        "contentHash": "NzQXU2z7Os+reR8gqTSosUwt6Q2kDYucp2tZkpD02YeXWdI7vuEmSZcI6wB5/edsn4pJavGoCY85RaxAdF2wPA=="
      },
      "TaskScheduler": {
        "type": "Direct",
        "requested": "[2.12.1, )",
        "resolved": "2.12.1",
        "contentHash": "DzSVmVs0i5yHmuDy9ZMcTtKg48GU0aEFBbhp2XJrzA4saTRec/KbU5aGE/4P4FE499G3PDx9KPOHysoKzS/i3g==",
        "dependencies": {
          "Microsoft.Win32.Registry": "5.0.0",
          "System.Diagnostics.EventLog": "9.0.2",
          "System.Security.AccessControl": "6.0.1"
        }
      },
      "WinUIEx": {
        "type": "Direct",
        "requested": "[2.5.1, )",
        "resolved": "2.5.1",
        "contentHash": "ihW4bA2quKbwWBOl5Uu80jBZagc4cT4E6CdExmvSZ05Qwz0jgoGyZuSTKcU9Uz7lZlQij3KxNor0dGXNUyIV9Q==",
        "dependencies": {
          "Microsoft.WindowsAppSDK": "1.6.240829007"
        }
      },
      "Accord": {
        "type": "Transitive",
        "resolved": "3.8.2-alpha",
        "contentHash": "g/EKYGdeMKTMJt7XtB65f+RyVW5ALfU1f1T1dpIGXOqzBtaaNK+OGB6pFY9RFrjKPQNUlnKUWF2jwH5knM+X7A=="
      },
      "H.GeneratedIcons.System.Drawing": {
        "type": "Transitive",
        "resolved": "2.3.0",
        "contentHash": "3iI+3gy0VJNfXpMCJTHDfqOtVPCp4oXz9jlphtnG3s3dWo/jx1y1N6vuFiKdbzKElztPE+W5nM+7KHBEEyr8zg==",
        "dependencies": {
          "System.Drawing.Common": "9.0.1"
        }
      },
      "H.NotifyIcon": {
        "type": "Transitive",
        "resolved": "2.3.0",
        "contentHash": "nmxzTPfYzwusJkfTapccqvv2SDQr1cOpIXkPnPiFhmux3X79n+gWkoBuKyA2zyE86FFRVoKfc6TklK0RLCjnRw==",
        "dependencies": {
          "H.GeneratedIcons.System.Drawing": "2.3.0"
        }
      },
      "Microsoft.Extensions.Configuration": {
        "type": "Transitive",
        "resolved": "9.0.3",
        "contentHash": "RIEeZxWYm77+OWLwgik7DzSVSONjqkmcbuCb1koZdGAV7BgOUWnLz80VMyHZMw3onrVwFCCMHBBdruBPuQTvkg==",
        "dependencies": {
          "Microsoft.Extensions.Configuration.Abstractions": "9.0.3",
          "Microsoft.Extensions.Primitives": "9.0.3"
        }
      },
      "Microsoft.Extensions.Configuration.Abstractions": {
        "type": "Transitive",
        "resolved": "9.0.3",
        "contentHash": "q5qlbm6GRUrle2ZZxy9aqS/wWoc+mRD3JeP6rcpiJTh5XcemYkplAcJKq8lU11ZfPom5lfbZZfnQvDqcUhqD5Q==",
        "dependencies": {
          "Microsoft.Extensions.Primitives": "9.0.3"
        }
      },
      "Microsoft.Extensions.Configuration.Binder": {
        "type": "Transitive",
        "resolved": "9.0.3",
        "contentHash": "ad82pYBUSQbd3WIboxsS1HzFdRuHKRa2CpYwie/o6dZAxUjt62yFwjoVdM7Iw2VO5fHV1rJwa7jJZBNZin0E7Q==",
        "dependencies": {
          "Microsoft.Extensions.Configuration.Abstractions": "9.0.3"
        }
      },
      "Microsoft.Extensions.Configuration.CommandLine": {
        "type": "Transitive",
        "resolved": "9.0.3",
        "contentHash": "rVwz4ml/Jve/QzzUlyTVOKXVZ37op9RK6Ize4uPmJ3S5c2ErExoy816+dslBQ06ZrFq8M9bpnV5LVBuPD1ONHQ==",
        "dependencies": {
          "Microsoft.Extensions.Configuration": "9.0.3",
          "Microsoft.Extensions.Configuration.Abstractions": "9.0.3"
        }
      },
      "Microsoft.Extensions.Configuration.EnvironmentVariables": {
        "type": "Transitive",
        "resolved": "9.0.3",
        "contentHash": "fo84UIa8aSBG3pOtzLsgkj1YkOVfYFy2YWcRTCevHHAkuVsxnYnKBrcW2pyFgqqfQ/rT8K1nmRXHDdQIZ8PDig==",
        "dependencies": {
          "Microsoft.Extensions.Configuration": "9.0.3",
          "Microsoft.Extensions.Configuration.Abstractions": "9.0.3"
        }
      },
      "Microsoft.Extensions.Configuration.FileExtensions": {
        "type": "Transitive",
        "resolved": "9.0.3",
        "contentHash": "tBNMSDJ2q7WQK2zwPhHY5I/q95t7sf6dT079mGrNm0yOZF/gM9JvR/LtCb/rwhRmh7A6XMnzv5WbpCh9KLq9EQ==",
        "dependencies": {
          "Microsoft.Extensions.Configuration": "9.0.3",
          "Microsoft.Extensions.Configuration.Abstractions": "9.0.3",
          "Microsoft.Extensions.FileProviders.Abstractions": "9.0.3",
          "Microsoft.Extensions.FileProviders.Physical": "9.0.3",
          "Microsoft.Extensions.Primitives": "9.0.3"
        }
      },
      "Microsoft.Extensions.Configuration.Json": {
        "type": "Transitive",
        "resolved": "9.0.3",
        "contentHash": "mjkp3ZwynNacZk4uq93I0DyCY48FZmi3yRV0xlfeDuWh44KcDunPXHwt8IWr4kL7cVM6eiFVe6YTJg97KzUAUA==",
        "dependencies": {
          "Microsoft.Extensions.Configuration": "9.0.3",
          "Microsoft.Extensions.Configuration.Abstractions": "9.0.3",
          "Microsoft.Extensions.Configuration.FileExtensions": "9.0.3",
          "Microsoft.Extensions.FileProviders.Abstractions": "9.0.3"
        }
      },
      "Microsoft.Extensions.Configuration.UserSecrets": {
        "type": "Transitive",
        "resolved": "9.0.3",
        "contentHash": "vwkBQ5jqmfX7nD7CFvB3k1uSeNBKRcYRDvlk3pxJzJfm/cgT4R+hQg5AFXW/1aLKjz0q7brpRocHC5GK2sjvEw==",
        "dependencies": {
          "Microsoft.Extensions.Configuration.Abstractions": "9.0.3",
          "Microsoft.Extensions.Configuration.Json": "9.0.3",
          "Microsoft.Extensions.FileProviders.Abstractions": "9.0.3",
          "Microsoft.Extensions.FileProviders.Physical": "9.0.3"
        }
      },
      "Microsoft.Extensions.DependencyInjection": {
        "type": "Transitive",
        "resolved": "9.0.3",
        "contentHash": "lDbxJpkl6X8KZGpkAxgrrthQ42YeiR0xjPp7KPx+sCPc3ZbpaIbjzd0QQ+9kDdK2RU2DOl3pc6tQyAgEZY3V0A==",
        "dependencies": {
          "Microsoft.Extensions.DependencyInjection.Abstractions": "9.0.3"
        }
      },
      "Microsoft.Extensions.DependencyInjection.Abstractions": {
        "type": "Transitive",
        "resolved": "9.0.3",
        "contentHash": "TfaHPSe39NyL2wxkisRxXK7xvHGZYBZ+dy3r+mqGvnxKgAPdHkMu3QMQZI4pquP6W5FIQBqs8FJpWV8ffCgDqQ=="
      },
      "Microsoft.Extensions.Diagnostics": {
        "type": "Transitive",
        "resolved": "9.0.3",
        "contentHash": "gqhbIq6adm0+/9IlDYmchekoxNkmUTm7rfTG3k4zzoQkjRuD8TQGwL1WnIcTDt4aQ+j+Vu0OQrjI8GlpJQQhIA==",
        "dependencies": {
          "Microsoft.Extensions.Configuration": "9.0.3",
          "Microsoft.Extensions.Diagnostics.Abstractions": "9.0.3",
          "Microsoft.Extensions.Options.ConfigurationExtensions": "9.0.3"
        }
      },
      "Microsoft.Extensions.Diagnostics.Abstractions": {
        "type": "Transitive",
        "resolved": "9.0.3",
        "contentHash": "/fn0Xe8t+3YbMfwyTk4hFirWyAG1pBA5ogVYsrKAuuD2gbqOWhFuSA28auCmS3z8Y2eq3miDIKq4pFVRWA+J6g==",
        "dependencies": {
          "Microsoft.Extensions.DependencyInjection.Abstractions": "9.0.3",
          "Microsoft.Extensions.Options": "9.0.3"
        }
      },
      "Microsoft.Extensions.FileProviders.Abstractions": {
        "type": "Transitive",
        "resolved": "9.0.3",
        "contentHash": "umczZ3+QPpzlrW/lkvy+IB0p52+qZ5w++aqx2lTCMOaPKzwcbVdrJgiQ3ajw5QWBp7gChLUiCYkSlWUpfjv24g==",
        "dependencies": {
          "Microsoft.Extensions.Primitives": "9.0.3"
        }
      },
      "Microsoft.Extensions.FileProviders.Physical": {
        "type": "Transitive",
        "resolved": "9.0.3",
        "contentHash": "th2+tQBV5oWjgKhip9GjiIv2AEK3QvfAO3tZcqV3F3dEt5D6Gb411RntCj1+8GS9HaRRSxjSGx/fCrMqIjkb1Q==",
        "dependencies": {
          "Microsoft.Extensions.FileProviders.Abstractions": "9.0.3",
          "Microsoft.Extensions.FileSystemGlobbing": "9.0.3",
          "Microsoft.Extensions.Primitives": "9.0.3"
        }
      },
      "Microsoft.Extensions.FileSystemGlobbing": {
        "type": "Transitive",
        "resolved": "9.0.3",
        "contentHash": "Rec77KHk4iNpFznHi5/6wF3MlUDcKqg26t8gRYbUm1PSukZ4B6mrXpZsJSNOiwyhhQVkjYbaoZxi5XJgRQ5lFg=="
      },
      "Microsoft.Extensions.Hosting.Abstractions": {
        "type": "Transitive",
        "resolved": "9.0.3",
        "contentHash": "rHabYVhQsGYNfgnfnYLqZRx/hLe85i6jW5rnDjA9pjt3x7yjPv8T/EXcgN5T9T38FAVwZRA+RMGUkEHbxvCOBQ==",
        "dependencies": {
          "Microsoft.Extensions.Configuration.Abstractions": "9.0.3",
          "Microsoft.Extensions.DependencyInjection.Abstractions": "9.0.3",
          "Microsoft.Extensions.Diagnostics.Abstractions": "9.0.3",
          "Microsoft.Extensions.FileProviders.Abstractions": "9.0.3",
          "Microsoft.Extensions.Logging.Abstractions": "9.0.3"
        }
      },
      "Microsoft.Extensions.Logging": {
        "type": "Transitive",
        "resolved": "9.0.3",
        "contentHash": "utIi2R1nm+PCWkvWBf1Ou6LWqg9iLfHU23r8yyU9VCvda4dEs7xbTZSwGa5KuwbpzpgCbHCIuKaFHB3zyFmnGw==",
        "dependencies": {
          "Microsoft.Extensions.DependencyInjection": "9.0.3",
          "Microsoft.Extensions.Logging.Abstractions": "9.0.3",
          "Microsoft.Extensions.Options": "9.0.3"
        }
      },
      "Microsoft.Extensions.Logging.Abstractions": {
        "type": "Transitive",
        "resolved": "9.0.3",
        "contentHash": "H/MBMLt9A/69Ux4OrV7oCKt3DcMT04o5SCqDolulzQA66TLFEpYYb4qedMs/uwrLtyHXGuDGWKZse/oa8W9AZw==",
        "dependencies": {
          "Microsoft.Extensions.DependencyInjection.Abstractions": "9.0.3"
        }
      },
      "Microsoft.Extensions.Logging.Configuration": {
        "type": "Transitive",
        "resolved": "9.0.3",
        "contentHash": "eVZsaKNyK0g0C1qp0mmn4Q2PiX+bXdkz8+zVkXyVMk8IvoWfmTjLjEq1MQlwt1A22lToANPiUrxPJ7Tt3V5puw==",
        "dependencies": {
          "Microsoft.Extensions.Configuration": "9.0.3",
          "Microsoft.Extensions.Configuration.Abstractions": "9.0.3",
          "Microsoft.Extensions.Configuration.Binder": "9.0.3",
          "Microsoft.Extensions.DependencyInjection.Abstractions": "9.0.3",
          "Microsoft.Extensions.Logging": "9.0.3",
          "Microsoft.Extensions.Logging.Abstractions": "9.0.3",
          "Microsoft.Extensions.Options": "9.0.3",
          "Microsoft.Extensions.Options.ConfigurationExtensions": "9.0.3"
        }
      },
      "Microsoft.Extensions.Logging.Console": {
        "type": "Transitive",
        "resolved": "9.0.3",
        "contentHash": "o9VXLOdpTAro1q7ZThIB3S8OHrRn5pr8cFUCiN85fiwlfAt2DhU4ZIfHy+jCNbf7y7S5Exbr3dlDE8mKNrs0Yg==",
        "dependencies": {
          "Microsoft.Extensions.DependencyInjection.Abstractions": "9.0.3",
          "Microsoft.Extensions.Logging": "9.0.3",
          "Microsoft.Extensions.Logging.Abstractions": "9.0.3",
          "Microsoft.Extensions.Logging.Configuration": "9.0.3",
          "Microsoft.Extensions.Options": "9.0.3"
        }
      },
      "Microsoft.Extensions.Logging.Debug": {
        "type": "Transitive",
        "resolved": "9.0.3",
        "contentHash": "BlKgvNYjD6mY5GXpMCf9zPAsrovMgW5mzCOT7SpoOSyI1478zldf+7PKvDIscC277z5zjSO3yi/OuIWpnTZmdA==",
        "dependencies": {
          "Microsoft.Extensions.DependencyInjection.Abstractions": "9.0.3",
          "Microsoft.Extensions.Logging": "9.0.3",
          "Microsoft.Extensions.Logging.Abstractions": "9.0.3"
        }
      },
      "Microsoft.Extensions.Logging.EventLog": {
        "type": "Transitive",
        "resolved": "9.0.3",
        "contentHash": "/+elZUHGgB3oHKO9St/Ql/qfze9O+UbXj+9FOj1gIshLCFXcPlhpKoI11jE6eIV0kbs1P/EeffJl4KDFyvAiJQ==",
        "dependencies": {
          "Microsoft.Extensions.DependencyInjection.Abstractions": "9.0.3",
          "Microsoft.Extensions.Logging": "9.0.3",
          "Microsoft.Extensions.Logging.Abstractions": "9.0.3",
          "Microsoft.Extensions.Options": "9.0.3",
          "System.Diagnostics.EventLog": "9.0.3"
        }
      },
      "Microsoft.Extensions.Logging.EventSource": {
        "type": "Transitive",
        "resolved": "9.0.3",
        "contentHash": "hgG0EGEHnngQFQNqJ5ungEykqaQ5Tik0Gpkb38pea2a5cR3pWlZR4vuYLDdtTgSiKEKByXz/3wNQ7qAqXamEEA==",
        "dependencies": {
          "Microsoft.Extensions.DependencyInjection.Abstractions": "9.0.3",
          "Microsoft.Extensions.Logging": "9.0.3",
          "Microsoft.Extensions.Logging.Abstractions": "9.0.3",
          "Microsoft.Extensions.Options": "9.0.3",
          "Microsoft.Extensions.Primitives": "9.0.3"
        }
      },
      "Microsoft.Extensions.Options": {
        "type": "Transitive",
        "resolved": "9.0.3",
        "contentHash": "xE7MpY70lkw1oiid5y6FbL9dVw8oLfkx8RhSNGN8sSzBlCqGn0SyT3Fqc8tZnDaPIq7Z8R9RTKlS564DS+MV3g==",
        "dependencies": {
          "Microsoft.Extensions.DependencyInjection.Abstractions": "9.0.3",
          "Microsoft.Extensions.Primitives": "9.0.3"
        }
      },
      "Microsoft.Extensions.Options.ConfigurationExtensions": {
        "type": "Transitive",
        "resolved": "9.0.3",
        "contentHash": "PcyYHQglKnWVZHSPaL6v2qnfsIuFw8tSq7cyXHg3OeuDVn/CqmdWUjRiZomCF/Gi+qCi+ksz0lFphg2cNvB8zQ==",
        "dependencies": {
          "Microsoft.Extensions.Configuration.Abstractions": "9.0.3",
          "Microsoft.Extensions.Configuration.Binder": "9.0.3",
          "Microsoft.Extensions.DependencyInjection.Abstractions": "9.0.3",
          "Microsoft.Extensions.Options": "9.0.3",
          "Microsoft.Extensions.Primitives": "9.0.3"
        }
      },
      "Microsoft.Extensions.Primitives": {
        "type": "Transitive",
        "resolved": "9.0.3",
        "contentHash": "yCCJHvBcRyqapMSNzP+kTc57Eaavq2cr5Tmuil6/XVnipQf5xmskxakSQ1enU6S4+fNg3sJ27WcInV64q24JsA=="
      },
      "Microsoft.Web.WebView2": {
        "type": "Transitive",
        "resolved": "1.0.2903.40",
        "contentHash": "THrzYAnJgE3+cNH+9Epr44XjoZoRELdVpXlWGPs6K9C9G6TqyDfVCeVAR/Er8ljLitIUX5gaSkPsy9wRhD1sgQ=="
      },
      "Microsoft.Win32.Registry": {
        "type": "Transitive",
        "resolved": "5.0.0",
        "contentHash": "dDoKi0PnDz31yAyETfRntsLArTlVAVzUzCIvvEDsDsucrl33Dl8pIJG06ePTJTI3tGpeyHS9Cq7Foc/s4EeKcg==",
        "dependencies": {
          "System.Security.AccessControl": "5.0.0",
          "System.Security.Principal.Windows": "5.0.0"
        }
      },
      "Microsoft.Win32.SystemEvents": {
        "type": "Transitive",
        "resolved": "9.0.1",
        "contentHash": "OxjcwJqBW/5A1111+vL9d+5KYTvOzeCTJY9zHZ0kpQI4wX075p6L7inHPSYuf0MGakVjUvaShvw9e9pfbInU2Q=="
      },
      "Microsoft.Windows.SDK.BuildTools": {
        "type": "Transitive",
        "resolved": "10.0.22621.756",
        "contentHash": "7ZL2sFSioYm1Ry067Kw1hg0SCcW5kuVezC2SwjGbcPE61Nn+gTbH86T73G3LcEOVj0S3IZzNuE/29gZvOLS7VA=="
      },
      "System.CodeDom": {
        "type": "Transitive",
        "resolved": "9.0.3",
        "contentHash": "KeFk4+is5IB3FCjFmPjtFYaTSYhFA/l6ZOeWBQo6CVVQchpvl6vv+3kPPfNttkEoA/Gq78FsJFMu4Eej/ln44Q=="
      },
      "System.Collections.Immutable": {
        "type": "Transitive",
        "resolved": "9.0.1",
        "contentHash": "qt4+ClsZYKzar/Rw1zbt0t9iuBUCLVNsjXicEuVQyKL7143CwhWzI2gTwzz8AhSaFYVHnpcb8SBGA+zaY4weUg=="
      },
      "System.Diagnostics.EventLog": {
        "type": "Transitive",
        "resolved": "9.0.3",
        "contentHash": "0nDJBZ06DVdTG2vvCZ4XjazLVaFawdT0pnji23ISX8I8fEOlRJyzH2I0kWiAbCtFwry2Zir4qE4l/GStLATfFw=="
      },
      "System.Drawing.Common": {
        "type": "Transitive",
        "resolved": "9.0.1",
        "contentHash": "TTPkCqSMyMaG8BXlBKYTTJFtLV0SvjjsvgUN598hYgHaX/5B7tdUc2JhQF9vwrYmlzxId+gwFnKYuxQ2XsSz2g==",
        "dependencies": {
          "Microsoft.Win32.SystemEvents": "9.0.1"
        }
      },
      "System.Reflection.Metadata": {
        "type": "Transitive",
        "resolved": "9.0.1",
        "contentHash": "XGkA0wiS4vbZu708VtlgSh40stW2ucDriDItkiJUnnp867x5HaBfmoTqdA00DYG0Ld7Kg0cLvEPkUEUxputgzQ=="
      },
      "System.Security.AccessControl": {
        "type": "Transitive",
        "resolved": "6.0.1",
        "contentHash": "IQ4NXP/B3Ayzvw0rDQzVTYsCKyy0Jp9KI6aYcK7UnGVlR9+Awz++TIPCQtPYfLJfOpm8ajowMR09V7quD3sEHw=="
      },
      "System.Security.Principal.Windows": {
        "type": "Transitive",
        "resolved": "5.0.0",
        "contentHash": "t0MGLukB5WAVU9bO3MGzvlGnyJPgUlcwerXn1kzBRjwLKixT96XV0Uza41W49gVd8zEMFu9vQEFlv0IOrytICA=="
      },
      "saku overclock.core": {
        "type": "Project",
        "dependencies": {
          "Newtonsoft.Json": "[13.0.2, )"
        }
      }
    },
    "net9.0-windows10.0.19041/win-x64": {
      "Microsoft.Graphics.Win2D": {
        "type": "Direct",
        "requested": "[1.3.2, )",
        "resolved": "1.3.2",
        "contentHash": "xAv4+Xj8wePW1innIUSXebX6UHMGDzOxwKPwYNUNY7mBrsRL/hPFEtuPLpBSxc3iBnuaCogPDCDeN7T4b1xV0Q==",
        "dependencies": {
          "Microsoft.WindowsAppSDK": "1.6.241114003"
        }
      },
      "Microsoft.WindowsAppSDK": {
        "type": "Direct",
        "requested": "[1.7.250310001, )",
        "resolved": "1.7.250310001",
        "contentHash": "qSdSuQAOYIyFWEojsGA6EOE2TpdP4n3CBqXXgA+GFTI/kwMVunc85EiXjn1227+HizhIi7J/6Aj0gYUt41DcSw==",
        "dependencies": {
          "Microsoft.Web.WebView2": "1.0.2903.40",
          "Microsoft.Windows.SDK.BuildTools": "10.0.22621.756"
        }
      },
      "System.Management": {
        "type": "Direct",
        "requested": "[9.0.3, )",
        "resolved": "9.0.3",
        "contentHash": "Wsb47+pRN1xnCxKOXcj+80FZ5OYQK2Dr8nnS8CHS1LVB+MXdzyK90sEmDYs/ux+btrxpE1N56FZo5rDbzpd1HA==",
        "dependencies": {
          "System.CodeDom": "9.0.3"
        }
      },
      "System.ServiceProcess.ServiceController": {
        "type": "Direct",
        "requested": "[9.0.3, )",
        "resolved": "9.0.3",
        "contentHash": "moNbNXB7q4flS7bLjBTueu5MBZuxBHb08QTdVeDxJo55TgICdlaq4dvdmusB1D6VoUmq7/dT4uZDZ8KMZScHKg==",
        "dependencies": {
          "System.Diagnostics.EventLog": "9.0.3"
        }
      },
      "System.Threading.AccessControl": {
        "type": "Direct",
        "requested": "[9.0.3, )",
        "resolved": "9.0.3",
        "contentHash": "NzQXU2z7Os+reR8gqTSosUwt6Q2kDYucp2tZkpD02YeXWdI7vuEmSZcI6wB5/edsn4pJavGoCY85RaxAdF2wPA=="
      },
      "Microsoft.Web.WebView2": {
        "type": "Transitive",
        "resolved": "1.0.2903.40",
        "contentHash": "THrzYAnJgE3+cNH+9Epr44XjoZoRELdVpXlWGPs6K9C9G6TqyDfVCeVAR/Er8ljLitIUX5gaSkPsy9wRhD1sgQ=="
      },
      "Microsoft.Win32.Registry": {
        "type": "Transitive",
        "resolved": "5.0.0",
        "contentHash": "dDoKi0PnDz31yAyETfRntsLArTlVAVzUzCIvvEDsDsucrl33Dl8pIJG06ePTJTI3tGpeyHS9Cq7Foc/s4EeKcg==",
        "dependencies": {
          "System.Security.AccessControl": "5.0.0",
          "System.Security.Principal.Windows": "5.0.0"
        }
      },
      "Microsoft.Win32.SystemEvents": {
        "type": "Transitive",
        "resolved": "9.0.1",
        "contentHash": "OxjcwJqBW/5A1111+vL9d+5KYTvOzeCTJY9zHZ0kpQI4wX075p6L7inHPSYuf0MGakVjUvaShvw9e9pfbInU2Q=="
      },
      "System.Diagnostics.EventLog": {
        "type": "Transitive",
        "resolved": "9.0.3",
        "contentHash": "0nDJBZ06DVdTG2vvCZ4XjazLVaFawdT0pnji23ISX8I8fEOlRJyzH2I0kWiAbCtFwry2Zir4qE4l/GStLATfFw=="
      },
      "System.Security.AccessControl": {
        "type": "Transitive",
        "resolved": "6.0.1",
        "contentHash": "IQ4NXP/B3Ayzvw0rDQzVTYsCKyy0Jp9KI6aYcK7UnGVlR9+Awz++TIPCQtPYfLJfOpm8ajowMR09V7quD3sEHw=="
      },
      "System.Security.Principal.Windows": {
        "type": "Transitive",
        "resolved": "5.0.0",
        "contentHash": "t0MGLukB5WAVU9bO3MGzvlGnyJPgUlcwerXn1kzBRjwLKixT96XV0Uza41W49gVd8zEMFu9vQEFlv0IOrytICA=="
      }
    }
  }
}