{
  "version": 1,
  "dependencies": {
    "net9.0-windows10.0.19041": {
      "CommunityToolkit.Mvvm": {
        "type": "Direct",
        "requested": "[8.4.0, )",
        "resolved": "8.4.0",
        "contentHash": "tqVU8yc/ADO9oiTRyTnwhFN68hCwvkliMierptWOudIAvWY1mWCh5VFh+guwHJmpMwfg0J0rY+yyd5Oy7ty9Uw=="
      },
      "CommunityToolkit.WinUI.Controls.Sizers": {
        "type": "Direct",
        "requested": "[8.2.250402, )",
        "resolved": "8.2.250402",
        "contentHash": "8kWJX+TxUyYbLFPpzoivtYPnSI9kgBGL1dfdsteQSw6Yq69v7mv/Z3emTLHqBJXOi9WKCiq2HNhKXuCH18/ctA==",
        "dependencies": {
          "CommunityToolkit.WinUI.Extensions": "8.2.250402",
          "Microsoft.WindowsAppSDK": "1.6.250108002"
        }
      },
      "CommunityToolkit.WinUI.Lottie": {
        "type": "Direct",
        "requested": "[8.2.250604, )",
        "resolved": "8.2.250604",
        "contentHash": "lJqElFDTDK8lh3phluvu8qgeyM4v7Y6fQpCjSQTbXBvssRpmDJH+5GJUbx8Fe2UCEyAdwImncKExb7n32tboNg==",
        "dependencies": {
          "Microsoft.Graphics.Win2D": "1.0.5.1",
          "Microsoft.WindowsAppSDK": "1.6.241114003"
        }
      },
      "H.NotifyIcon.WinUI": {
        "type": "Direct",
        "requested": "[2.3.2, )",
        "resolved": "2.3.2",
        "contentHash": "UoI3z3Kc/6gBC6gOrL/cKhGAf6wz8gxk6wc0lYQZZYwSfU3OMpnKOdWJ5c1PXMaaJi/QMKYHN/ilpB7uHGUOpg==",
        "dependencies": {
          "H.NotifyIcon": "2.3.2",
          "Microsoft.WindowsAppSDK": "1.6.250108002",
          "System.Collections.Immutable": "9.0.1",
          "System.Reflection.Metadata": "9.0.1"
        }
      },
      "Microsoft.Extensions.Hosting": {
        "type": "Direct",
        "requested": "[9.0.10, )",
        "resolved": "9.0.10",
        "contentHash": "63yDlitelCBNl1unJsnEWVUCZHOtxbVTbTODi7cszQJBG9bIfdPYIpB9w0UIcoqVSP1C9P6THXgukx8APWRzMw==",
        "dependencies": {
          "Microsoft.Extensions.Configuration": "9.0.10",
          "Microsoft.Extensions.Configuration.Abstractions": "9.0.10",
          "Microsoft.Extensions.Configuration.Binder": "9.0.10",
          "Microsoft.Extensions.Configuration.CommandLine": "9.0.10",
          "Microsoft.Extensions.Configuration.EnvironmentVariables": "9.0.10",
          "Microsoft.Extensions.Configuration.FileExtensions": "9.0.10",
          "Microsoft.Extensions.Configuration.Json": "9.0.10",
          "Microsoft.Extensions.Configuration.UserSecrets": "9.0.10",
          "Microsoft.Extensions.DependencyInjection": "9.0.10",
          "Microsoft.Extensions.DependencyInjection.Abstractions": "9.0.10",
          "Microsoft.Extensions.Diagnostics": "9.0.10",
          "Microsoft.Extensions.FileProviders.Abstractions": "9.0.10",
          "Microsoft.Extensions.FileProviders.Physical": "9.0.10",
          "Microsoft.Extensions.Hosting.Abstractions": "9.0.10",
          "Microsoft.Extensions.Logging": "9.0.10",
          "Microsoft.Extensions.Logging.Abstractions": "9.0.10",
          "Microsoft.Extensions.Logging.Configuration": "9.0.10",
          "Microsoft.Extensions.Logging.Console": "9.0.10",
          "Microsoft.Extensions.Logging.Debug": "9.0.10",
          "Microsoft.Extensions.Logging.EventLog": "9.0.10",
          "Microsoft.Extensions.Logging.EventSource": "9.0.10",
          "Microsoft.Extensions.Options": "9.0.10"
        }
      },
      "Microsoft.Graphics.Win2D": {
        "type": "Direct",
        "requested": "[1.3.2, )",
        "resolved": "1.3.2",
        "contentHash": "xAv4+Xj8wePW1innIUSXebX6UHMGDzOxwKPwYNUNY7mBrsRL/hPFEtuPLpBSxc3iBnuaCogPDCDeN7T4b1xV0Q==",
        "dependencies": {
          "Microsoft.WindowsAppSDK": "1.6.241114003"
        }
      },
      "Microsoft.WindowsAppSDK": {
        "type": "Direct",
        "requested": "[1.8.251106002, )",
        "resolved": "1.8.251106002",
        "contentHash": "IiDYOHJahku9GuajXLCNWkrhsG+Fbd2GsWpINLXhm3nF8mXzGPmFtateotJWnE0BKCa4Ua1+O4nYJ4gUC9+NXg==",
        "dependencies": {
          "Microsoft.WindowsAppSDK.AI": "[1.8.39]",
          "Microsoft.WindowsAppSDK.Base": "[1.8.250831001]",
          "Microsoft.WindowsAppSDK.DWrite": "[1.8.25090401]",
          "Microsoft.WindowsAppSDK.Foundation": "[1.8.251104000]",
          "Microsoft.WindowsAppSDK.InteractiveExperiences": "[1.8.251104001]",
          "Microsoft.WindowsAppSDK.ML": "[1.8.2109]",
          "Microsoft.WindowsAppSDK.Runtime": "[1.8.251106002]",
          "Microsoft.WindowsAppSDK.Widgets": "[1.8.250904007]",
          "Microsoft.WindowsAppSDK.WinUI": "[1.8.251105000]"
        }
      },
      "Microsoft.Xaml.Behaviors.WinUI.Managed": {
        "type": "Direct",
        "requested": "[3.0.0, )",
        "resolved": "3.0.0",
        "contentHash": "IoeGOYbOvhnNlzYs79z2TB1EFVldlQKJHH1gjUMtrViu+MJZfnkyNeCiK1IBVo8zP86VuFPZ4Yg6Vm4mYJ8tGA==",
        "dependencies": {
          "Microsoft.WindowsAppSDK": "1.6.250108002"
        }
      },
      "Newtonsoft.Json": {
        "type": "Direct",
        "requested": "[13.0.4, )",
        "resolved": "13.0.4",
        "contentHash": "pdgNNMai3zv51W5aq268sujXUyx7SNdE2bj1wZcWjAQrKMFZV260lbqYop1d2GM67JI1huLRwxo9ZqnfF/lC6A=="
      },
      "Octokit": {
        "type": "Direct",
        "requested": "[14.0.0, )",
        "resolved": "14.0.0",
        "contentHash": "jGOuTH1l+TCpJH+fwYOp7USzHDuGfN1jKbLz3J2COwyn+wL08eynvpnM6rY2qkzIEXum3PN2p2QkP3BW/p9Qcw=="
      },
      "ScottPlot.WinUI": {
        "type": "Direct",
        "requested": "[5.1.57, )",
        "resolved": "5.1.57",
        "contentHash": "p36i4uqnBtbxhHhowlbrPayo5L+fBFNp4jLTmru8RnXyUqa1FaQVYfC0GZ8nJcA0T6BtBoeONtlTtWzQFgefqQ==",
        "dependencies": {
          "Microsoft.Windows.SDK.BuildTools": "10.0.22621.756",
          "Microsoft.WindowsAppSDK": "1.5.240802000",
          "ScottPlot": "5.1.57",
          "SkiaSharp.Views.WinUI": "3.119.0",
          "System.Text.Json": "9.0.8"
        }
      },
      "System.Management": {
        "type": "Direct",
        "requested": "[9.0.10, )",
        "resolved": "9.0.10",
        "contentHash": "kJY2C6MjKSqfRkEnc8gn4Jth81Anrgxxpu0MffjEadfpp0Ll/gdGpYnDhRWZd+iFttkfZC0uCjFmCrZARRqq4w==",
        "dependencies": {
          "System.CodeDom": "9.0.10"
        }
      },
      "System.ServiceModel.NetNamedPipe": {
        "type": "Direct",
        "requested": "[8.1.2, )",
        "resolved": "8.1.2",
        "contentHash": "ioo66djio/g7Txksm1Ow+VvkBrHmOME249mo1V1bzQ2zoYSv7ATwIE0sETV5J0YE9+gMDLRC4sheGuUWMHD2PA==",
        "dependencies": {
          "System.ServiceModel.NetFramingBase": "8.1.2",
          "System.ServiceModel.Primitives": "8.1.2"
        }
      },
      "System.ServiceModel.Primitives": {
        "type": "Direct",
        "requested": "[8.1.2, )",
        "resolved": "8.1.2",
        "contentHash": "xlJ07FAUSDjPL/GhvVY1/KVPWn2ce056X4nHPwqAa5rkNLiNN5rqh6VcgMUoF6J7ckwhkVJ1vVx/K/47nyyR9g==",
        "dependencies": {
          "Microsoft.Extensions.ObjectPool": "8.0.10",
          "System.Security.Cryptography.Xml": "8.0.2"
        }
      },
      "System.ServiceProcess.ServiceController": {
        "type": "Direct",
        "requested": "[9.0.10, )",
        "resolved": "9.0.10",
        "contentHash": "dmH+qHQ5wMjvEI0M2s6J+vmaU9L9ID2D9DWMFa7FiTfINfo3e3zeL4ljX7Dg5gCnFIULPFip2ej2iIAC3X6MFw==",
        "dependencies": {
          "System.Diagnostics.EventLog": "9.0.10"
        }
      },
      "System.Threading.AccessControl": {
        "type": "Direct",
        "requested": "[9.0.10, )",
        "resolved": "9.0.10",
        "contentHash": "eI/pq6KpqMO8TrQPxg6ZRdJvQqB+dw5Uax56UkDE3ZH6x9jQ7VD+ir4JUPD3XtKCUhDjy9FLGWfUAx5Jbz+K1Q=="
      },
      "TaskScheduler": {
        "type": "Direct",
        "requested": "[2.12.2, )",
        "resolved": "2.12.2",
        "contentHash": "glpAb3VrwfdAofp6PIyAzL0ZeTV7XUJ8muu0oZoTeyU5jtk2sMJ6QAMRRuFbovcaj+SBJiEUGklxIWOqQoxshA==",
        "dependencies": {
          "Microsoft.Win32.Registry": "5.0.0",
          "System.Diagnostics.EventLog": "9.0.2",
          "System.Security.AccessControl": "6.0.1"
        }
      },
      "WinUIEx": {
        "type": "Direct",
        "requested": "[2.9.0, )",
        "resolved": "2.9.0",
        "contentHash": "t/33rHjROKEY5SpgKfpBJgrPw+Wqmo1w+EldZMMHF3PE689PspKicXBjZb5RseL059IzU7FOfUiAIqPPjwBByQ==",
        "dependencies": {
          "Microsoft.WindowsAppSDK.WinUI": "1.8.250906003"
        }
      },
      "CommunityToolkit.Common": {
        "type": "Transitive",
        "resolved": "8.2.1",
        "contentHash": "LWuhy8cQKJ/MYcy3XafJ916U3gPH/YDvYoNGWyQWN11aiEKCZszzPOTJAOvBjP9yG8vHmIcCyPUt4L82OK47Iw=="
      },
      "CommunityToolkit.WinUI.Extensions": {
        "type": "Transitive",
        "resolved": "8.2.250402",
        "contentHash": "rAOYzNX6kdUeeE1ejGd6Q8B+xmyZvOrWFUbqCgOtP8OQsOL66en9ZQTtzxAlaaFC4qleLvnKcn8FJFBezujOlw==",
        "dependencies": {
          "CommunityToolkit.Common": "8.2.1",
          "Microsoft.WindowsAppSDK": "1.6.250108002"
        }
      },
      "H.GeneratedIcons.System.Drawing": {
        "type": "Transitive",
        "resolved": "2.3.2",
        "contentHash": "f7P4X2a+rsQZp5jRQcFpNrY87pamppXlTJuXp5BYpDgOwYoW8g83TN/ZtDpE+RbpOfHYQuRkwPNpHIIbdsbmqQ==",
        "dependencies": {
          "System.Drawing.Common": "9.0.1"
        }
      },
      "H.NotifyIcon": {
        "type": "Transitive",
        "resolved": "2.3.2",
        "contentHash": "d/kh5nJ9ahjbdM5tyb+UQ/CWSQwYb2xT/tmdot5OWK5E0C3rkyXEq3IfBIO6UEYvYkLE/ppX94Sm42yByxXJXA==",
        "dependencies": {
          "H.GeneratedIcons.System.Drawing": "2.3.2"
        }
      },
      "HarfBuzzSharp": {
        "type": "Transitive",
        "resolved": "8.3.1.1",
        "contentHash": "tLZN66oe/uiRPTZfrCU4i8ScVGwqHNh5MHrXj0yVf4l7Mz0FhTGnQ71RGySROTmdognAs0JtluHkL41pIabWuQ==",
        "dependencies": {
          "HarfBuzzSharp.NativeAssets.Win32": "8.3.1.1"
        }
      },
      "HarfBuzzSharp.NativeAssets.Linux": {
        "type": "Transitive",
        "resolved": "8.3.1.1",
        "contentHash": "3EZ1mpIiKWRLL5hUYA82ZHteeDIVaEA/Z0rA/wU6tjx6crcAkJnBPwDXZugBSfo8+J3EznvRJf49uMsqYfKrHg=="
      },
      "HarfBuzzSharp.NativeAssets.Win32": {
        "type": "Transitive",
        "resolved": "8.3.1.1",
        "contentHash": "UsJtQsfAJoFDZrXc4hCUfRPMqccfKZ0iumJ/upcUjz/cmsTgVFGNEL5yaJWmkqsuFYdMWbj/En5/kS4PFl9hBA=="
      },
      "Microsoft.Extensions.Configuration": {
        "type": "Transitive",
        "resolved": "9.0.10",
        "contentHash": "UAm3SLGAMlJdowbN+/xnh2UGJkdJoXVm4MsdhZ60dAMS8jteoyCx5WfIab5DKv0TCYpdhVecLJVUjEO3abs9UQ==",
        "dependencies": {
          "Microsoft.Extensions.Configuration.Abstractions": "9.0.10",
          "Microsoft.Extensions.Primitives": "9.0.10"
        }
      },
      "Microsoft.Extensions.Configuration.Abstractions": {
        "type": "Transitive",
        "resolved": "9.0.10",
        "contentHash": "ad3JxmFj0uxuFa1CT6oxTCC1lQ0xeRuOvzBRFT/I/ofIXVOnNsH/v2GZkAJWhlpZqKUvSexQZzp3EEAB2CdtJg==",
        "dependencies": {
          "Microsoft.Extensions.Primitives": "9.0.10"
        }
      },
      "Microsoft.Extensions.Configuration.Binder": {
        "type": "Transitive",
        "resolved": "9.0.10",
        "contentHash": "D6Kng+9I+w1SQPxJybc6wzw9nnnyUQPutycjtI0svv1RHaWOpUk9PPlwIRfhhoQZ3yihejkEI2wNv/7VnVtkGA==",
        "dependencies": {
          "Microsoft.Extensions.Configuration.Abstractions": "9.0.10"
        }
      },
      "Microsoft.Extensions.Configuration.CommandLine": {
        "type": "Transitive",
        "resolved": "9.0.10",
        "contentHash": "Sg400UyKl33kOpqklEg1MIM3lpY/aWi7QZTB2JfFpKgxnSRQl9J6tHiKYll+Rd603P+71YsDy/zqBYUE/3Xeag==",
        "dependencies": {
          "Microsoft.Extensions.Configuration": "9.0.10",
          "Microsoft.Extensions.Configuration.Abstractions": "9.0.10"
        }
      },
      "Microsoft.Extensions.Configuration.EnvironmentVariables": {
        "type": "Transitive",
        "resolved": "9.0.10",
        "contentHash": "Nje8x5JDRi7uzf2q3NpXiBleRRJAxJMnHcJTi0tLyqd6eGIICRuF6qxgZssMS1r8xXDoaUr/2ZLQ6Cui1Io+Qw==",
        "dependencies": {
          "Microsoft.Extensions.Configuration": "9.0.10",
          "Microsoft.Extensions.Configuration.Abstractions": "9.0.10"
        }
      },
      "Microsoft.Extensions.Configuration.FileExtensions": {
        "type": "Transitive",
        "resolved": "9.0.10",
        "contentHash": "kYWY9VRoCKQJCLKAA4Wqn74FVnytqosF7vFq1chJ8st9mGZS6SQrkoZg7GmcpqrRRUWmWDOZI4nFdoFnxsI/Ug==",
        "dependencies": {
          "Microsoft.Extensions.Configuration": "9.0.10",
          "Microsoft.Extensions.Configuration.Abstractions": "9.0.10",
          "Microsoft.Extensions.FileProviders.Abstractions": "9.0.10",
          "Microsoft.Extensions.FileProviders.Physical": "9.0.10",
          "Microsoft.Extensions.Primitives": "9.0.10"
        }
      },
      "Microsoft.Extensions.Configuration.Json": {
        "type": "Transitive",
        "resolved": "9.0.10",
        "contentHash": "bn+qnwuOaDelax8PUw30UTjLOuEd0lGWqUG4Z+oVr4D/gEWouCWOyvCVkyn+PWbftPlnmAmWxd4J+7ljwE8wVw==",
        "dependencies": {
          "Microsoft.Extensions.Configuration": "9.0.10",
          "Microsoft.Extensions.Configuration.Abstractions": "9.0.10",
          "Microsoft.Extensions.Configuration.FileExtensions": "9.0.10",
          "Microsoft.Extensions.FileProviders.Abstractions": "9.0.10"
        }
      },
      "Microsoft.Extensions.Configuration.UserSecrets": {
        "type": "Transitive",
        "resolved": "9.0.10",
        "contentHash": "l7em+qNfEdGlwRm8Qk2rkzqjT8xWb/EosoQeTvJ3kZYiRo5inMj0nNcZw51dUKwGO/LW7uNMdqNNU3P0pB5JqA==",
        "dependencies": {
          "Microsoft.Extensions.Configuration.Abstractions": "9.0.10",
          "Microsoft.Extensions.Configuration.Json": "9.0.10",
          "Microsoft.Extensions.FileProviders.Abstractions": "9.0.10",
          "Microsoft.Extensions.FileProviders.Physical": "9.0.10"
        }
      },
      "Microsoft.Extensions.DependencyInjection": {
        "type": "Transitive",
        "resolved": "9.0.10",
        "contentHash": "iEtXCkNd5XhjNJAOb/wO4IhDRdLIE2CsPxZggZQWJ/q2+sa8dmEPC393nnsiqdH8/4KV8Xn25IzgKPR1UEQ0og==",
        "dependencies": {
          "Microsoft.Extensions.DependencyInjection.Abstractions": "9.0.10"
        }
      },
      "Microsoft.Extensions.DependencyInjection.Abstractions": {
        "type": "Transitive",
        "resolved": "9.0.10",
        "contentHash": "r9waLiOPe9ZF1PvzUT+RDoHvpMmY8MW+lb4lqjYGObwKpnyPMLI3odVvlmshwuZcdoHynsGWOrCPA0hxZ63lIA=="
      },
      "Microsoft.Extensions.Diagnostics": {
        "type": "Transitive",
        "resolved": "9.0.10",
        "contentHash": "01x2vz0AbIdfNUzEVYFq2HSeq1BmrSDpiG7nTmwjfd0d39sahQ8T7dhSXhH+YnZyaLWyMBudOq0vVa/voyNWjg==",
        "dependencies": {
          "Microsoft.Extensions.Configuration": "9.0.10",
          "Microsoft.Extensions.Diagnostics.Abstractions": "9.0.10",
          "Microsoft.Extensions.Options.ConfigurationExtensions": "9.0.10"
        }
      },
      "Microsoft.Extensions.Diagnostics.Abstractions": {
        "type": "Transitive",
        "resolved": "9.0.10",
        "contentHash": "iwVnYi+gNKrr5riw8YFCoLCN4s0dmHtzfUmV99RIhrz8R4d6C/bsKzXhIhZWDIxJOhVzB+idSOQeRGj1/oMF+Q==",
        "dependencies": {
          "Microsoft.Extensions.DependencyInjection.Abstractions": "9.0.10",
          "Microsoft.Extensions.Options": "9.0.10"
        }
      },
      "Microsoft.Extensions.FileProviders.Abstractions": {
        "type": "Transitive",
        "resolved": "9.0.10",
        "contentHash": "3+cLxZKUWBbpfIXLLuKcEok9C91PsV1h5xxfUsEnLSXXLNMiPDfrhpb1xajNFcejFPs9Ck/Fi3z71hYDqFBwYg==",
        "dependencies": {
          "Microsoft.Extensions.Primitives": "9.0.10"
        }
      },
      "Microsoft.Extensions.FileProviders.Physical": {
        "type": "Transitive",
        "resolved": "9.0.10",
        "contentHash": "Eg3YOEMpHWZzAgPD9YvGkQSv97AtG3II6maRQV/voDRORh4bRiyl0mVtT2PKnu1JoD9rJeYgjGCwRvVWMBaqgQ==",
        "dependencies": {
          "Microsoft.Extensions.FileProviders.Abstractions": "9.0.10",
          "Microsoft.Extensions.FileSystemGlobbing": "9.0.10",
          "Microsoft.Extensions.Primitives": "9.0.10"
        }
      },
      "Microsoft.Extensions.FileSystemGlobbing": {
        "type": "Transitive",
        "resolved": "9.0.10",
        "contentHash": "KdZAM2YMYBipVp/4tSEWPLnrocd17SL4iaXdgXjR5/nheBXbfR5QfPWYoTyh6C6IW3uKR7TRMwQr2qCvtaCTiA=="
      },
      "Microsoft.Extensions.Hosting.Abstractions": {
        "type": "Transitive",
        "resolved": "9.0.10",
        "contentHash": "spfXydiEQENFwxdgr3Y57wwys/FRjfmq5VjHGPh6ct1FJK7X+qNEWYbnZJCMqq0B0oJTMvnItAReOv4mi2Idog==",
        "dependencies": {
          "Microsoft.Extensions.Configuration.Abstractions": "9.0.10",
          "Microsoft.Extensions.DependencyInjection.Abstractions": "9.0.10",
          "Microsoft.Extensions.Diagnostics.Abstractions": "9.0.10",
          "Microsoft.Extensions.FileProviders.Abstractions": "9.0.10",
          "Microsoft.Extensions.Logging.Abstractions": "9.0.10"
        }
      },
      "Microsoft.Extensions.Logging": {
        "type": "Transitive",
        "resolved": "9.0.10",
        "contentHash": "UBXHqE9vyptVhaFnT1R7YJKCve7TqVI10yjjUZBNGMlW2lZ4c031Slt9hxsOzWCzlpPxxIFyf1Yk4a6Iubxx7w==",
        "dependencies": {
          "Microsoft.Extensions.DependencyInjection": "9.0.10",
          "Microsoft.Extensions.Logging.Abstractions": "9.0.10",
          "Microsoft.Extensions.Options": "9.0.10"
        }
      },
      "Microsoft.Extensions.Logging.Abstractions": {
        "type": "Transitive",
        "resolved": "9.0.10",
        "contentHash": "MFUPv/nN1rAQ19w43smm6bbf0JDYN/1HEPHoiMYY50pvDMFpglzWAuoTavByDmZq7UuhjaxwrET3joU69ZHoHQ==",
        "dependencies": {
          "Microsoft.Extensions.DependencyInjection.Abstractions": "9.0.10"
        }
      },
      "Microsoft.Extensions.Logging.Configuration": {
        "type": "Transitive",
        "resolved": "9.0.10",
        "contentHash": "qwTRpxrmLOXZrbgQHRZ9wS2AtVa/61DFIYk8k1rBCCgA5qW0MBxxQC4BjkaI0wSoHHOv/IUXBeFNK+Y59qe/Ug==",
        "dependencies": {
          "Microsoft.Extensions.Configuration": "9.0.10",
          "Microsoft.Extensions.Configuration.Abstractions": "9.0.10",
          "Microsoft.Extensions.Configuration.Binder": "9.0.10",
          "Microsoft.Extensions.DependencyInjection.Abstractions": "9.0.10",
          "Microsoft.Extensions.Logging": "9.0.10",
          "Microsoft.Extensions.Logging.Abstractions": "9.0.10",
          "Microsoft.Extensions.Options": "9.0.10",
          "Microsoft.Extensions.Options.ConfigurationExtensions": "9.0.10"
        }
      },
      "Microsoft.Extensions.Logging.Console": {
        "type": "Transitive",
        "resolved": "9.0.10",
        "contentHash": "ponA8k4E4S0LlQ8J4ce4Yp1NND8rxww0lbADK9yL3omRpnnawiENb7W/CTgZUIZVJxKcmIwhm1IbUCRk6RLocQ==",
        "dependencies": {
          "Microsoft.Extensions.DependencyInjection.Abstractions": "9.0.10",
          "Microsoft.Extensions.Logging": "9.0.10",
          "Microsoft.Extensions.Logging.Abstractions": "9.0.10",
          "Microsoft.Extensions.Logging.Configuration": "9.0.10",
          "Microsoft.Extensions.Options": "9.0.10"
        }
      },
      "Microsoft.Extensions.Logging.Debug": {
        "type": "Transitive",
        "resolved": "9.0.10",
        "contentHash": "Uj4YMaMMLawIkpHYnDWsR2/pufV/8X3dDT1/RNhkmt8RRf6/SriyA2gxH6I6bj4gFx6yMuFWZhCgFLy3wcSGTw==",
        "dependencies": {
          "Microsoft.Extensions.DependencyInjection.Abstractions": "9.0.10",
          "Microsoft.Extensions.Logging": "9.0.10",
          "Microsoft.Extensions.Logging.Abstractions": "9.0.10"
        }
      },
      "Microsoft.Extensions.Logging.EventLog": {
        "type": "Transitive",
        "resolved": "9.0.10",
        "contentHash": "Son+9zr7gnuYv1CcuZ8b6XhZK/UQRG88Ku1iSUvAQSZ1cFjYC+lDYRD6nBVXF2QIQyv0jhjt/MPKD7sA+323TQ==",
        "dependencies": {
          "Microsoft.Extensions.DependencyInjection.Abstractions": "9.0.10",
          "Microsoft.Extensions.Logging": "9.0.10",
          "Microsoft.Extensions.Logging.Abstractions": "9.0.10",
          "Microsoft.Extensions.Options": "9.0.10",
          "System.Diagnostics.EventLog": "9.0.10"
        }
      },
      "Microsoft.Extensions.Logging.EventSource": {
        "type": "Transitive",
        "resolved": "9.0.10",
        "contentHash": "qhqkUWsf/CVyQ9V98n5uWSQcvy7HbyRkhyhpK75OKojWuaNKoEIfBmrHRiahmdGJDuh2Qz/nDpFOjQOi/ERtZQ==",
        "dependencies": {
          "Microsoft.Extensions.DependencyInjection.Abstractions": "9.0.10",
          "Microsoft.Extensions.Logging": "9.0.10",
          "Microsoft.Extensions.Logging.Abstractions": "9.0.10",
          "Microsoft.Extensions.Options": "9.0.10",
          "Microsoft.Extensions.Primitives": "9.0.10"
        }
      },
      "Microsoft.Extensions.ObjectPool": {
        "type": "Transitive",
        "resolved": "8.0.10",
        "contentHash": "u7gAG7JgxF8VSJUGPSudAcPxOt+ymJKQCSxNRxiuKV+klCQbHljQR75SilpedCTfhPWDhtUwIJpnDVtspr9nMg=="
      },
      "Microsoft.Extensions.Options": {
        "type": "Transitive",
        "resolved": "9.0.10",
        "contentHash": "zMNABt8eBv0B0XrWjFy9nZNgddavaOeq3ZdaD5IlHhRH65MrU7HM+Hd8GjWE3e2VDGFPZFfSAc6XVXC17f9fOA==",
        "dependencies": {
          "Microsoft.Extensions.DependencyInjection.Abstractions": "9.0.10",
          "Microsoft.Extensions.Primitives": "9.0.10"
        }
      },
      "Microsoft.Extensions.Options.ConfigurationExtensions": {
        "type": "Transitive",
        "resolved": "9.0.10",
        "contentHash": "wLsf2TyVFFxWQPv0PRJj365it1ngIt8utlHJWSZ9OJ2k+NDa/PtBIRsGlF/NkoLwm1m+1vOePNl2MiKfk6lYfQ==",
        "dependencies": {
          "Microsoft.Extensions.Configuration.Abstractions": "9.0.10",
          "Microsoft.Extensions.Configuration.Binder": "9.0.10",
          "Microsoft.Extensions.DependencyInjection.Abstractions": "9.0.10",
          "Microsoft.Extensions.Options": "9.0.10",
          "Microsoft.Extensions.Primitives": "9.0.10"
        }
      },
      "Microsoft.Extensions.Primitives": {
        "type": "Transitive",
        "resolved": "9.0.10",
        "contentHash": "3pl8D1O5ZwMpDkZAT2uXrhQ6NipkwEgDLMFuURiHTf72TvkoMP61QYH3Vk1yrzVHnHBdNZk3cQACz8Zc7YGNhQ=="
      },
      "Microsoft.Web.WebView2": {
        "type": "Transitive",
        "resolved": "1.0.3179.45",
        "contentHash": "3pokSH5CnN0G6rGhGFo1y87inxYhNxBQ2Vdf0wlvBj99KHxQJormjDACmqRnFeUsmuNFIhWwfAL1ztq7wD5qRA=="
      },
      "Microsoft.Win32.Registry": {
        "type": "Transitive",
        "resolved": "5.0.0",
        "contentHash": "dDoKi0PnDz31yAyETfRntsLArTlVAVzUzCIvvEDsDsucrl33Dl8pIJG06ePTJTI3tGpeyHS9Cq7Foc/s4EeKcg==",
        "dependencies": {
          "System.Security.AccessControl": "5.0.0",
          "System.Security.Principal.Windows": "5.0.0"
        }
      },
      "Microsoft.Win32.SystemEvents": {
        "type": "Transitive",
        "resolved": "9.0.1",
        "contentHash": "OxjcwJqBW/5A1111+vL9d+5KYTvOzeCTJY9zHZ0kpQI4wX075p6L7inHPSYuf0MGakVjUvaShvw9e9pfbInU2Q=="
      },
      "Microsoft.Windows.SDK.BuildTools": {
        "type": "Transitive",
        "resolved": "10.0.26100.4654",
        "contentHash": "2mgcOlj/t2RfSyyw+pVESfO+Tk1RkfQzto9Vrq42M1lUQIfQEwbi8QLha9GXWIOj+TFzeHIEJckIoF25mgiM8A=="
      },
      "Microsoft.Windows.SDK.BuildTools.MSIX": {
        "type": "Transitive",
        "resolved": "1.7.20250829.1",
        "contentHash": "IMdvRmCIZnBS5GkYnv0po1bcx6U1OF39pqA4TphQ9evDzpCRoSE19/PkDvlUNNrBavTsLIEJgd/TAIFner75ow=="
      },
      "Microsoft.WindowsAppSDK.AI": {
        "type": "Transitive",
        "resolved": "1.8.39",
        "contentHash": "jYx8PqQZjB59MU+/IcelwWa0iUnNYkSIWyirDLb50/6uaSVK+FMKsdvV5ZxVuQmBIBUjqReOLRAdlsxxOVAE1Q==",
        "dependencies": {
          "Microsoft.WindowsAppSDK.Base": "1.8.250831001",
          "Microsoft.WindowsAppSDK.Foundation": "1.8.251104000"
        }
      },
      "Microsoft.WindowsAppSDK.Base": {
        "type": "Transitive",
        "resolved": "1.8.250831001",
        "contentHash": "8LlfXBS2Hpw+OoVXViJmIOPXl0nMbqMaFR3j6+QHFNc62VULwPEcXiMRcP2WbV/+mtC7W2LH6yx6uu/Hrr9lVw==",
        "dependencies": {
          "Microsoft.Windows.SDK.BuildTools": "10.0.26100.4654",
          "Microsoft.Windows.SDK.BuildTools.MSIX": "1.7.20250829.1"
        }
      },
      "Microsoft.WindowsAppSDK.DWrite": {
        "type": "Transitive",
        "resolved": "1.8.25090401",
        "contentHash": "WJ0p9yMgiNYqU2O5ZKCXcb7FBjryIUUopgeYMvnlf1yBUYgdjMFMkoJqYVqkz866wnntiB2IZhLxEzhFzvVs1A==",
        "dependencies": {
          "Microsoft.WindowsAppSDK.Base": "1.8.250831001"
        }
      },
      "Microsoft.WindowsAppSDK.Foundation": {
        "type": "Transitive",
        "resolved": "1.8.251104000",
        "contentHash": "vvL3zpC8klGcaxUA7RbMuUMVAABD7jEMFhNKGAewOvey18i64mslbU0aIQM3+Bu4tQKsaGXSWYrJFsAU/Op4OA==",
        "dependencies": {
          "Microsoft.WindowsAppSDK.Base": "1.8.250831001",
          "Microsoft.WindowsAppSDK.InteractiveExperiences": "1.8.251104001"
        }
      },
      "Microsoft.WindowsAppSDK.InteractiveExperiences": {
        "type": "Transitive",
        "resolved": "1.8.251104001",
        "contentHash": "t4Vs1eMJqUpa5CbZ5SvO4j5VdyhNwtarNfYJAWar8dHejpNol3g+/t0l0ovKye+DKQpinWdGkuQSUX8Oc8M3ug==",
        "dependencies": {
          "Microsoft.WindowsAppSDK.Base": "1.8.250831001"
        }
      },
      "Microsoft.WindowsAppSDK.ML": {
        "type": "Transitive",
        "resolved": "1.8.2109",
        "contentHash": "gfsSXBJrlsfnl1IID3AEasUvZXFFZk6n4iD2JP5BfheySaoWr/1JJVbqKYyRr7APe2kRzyztVW3eaj7KMfgR5A==",
        "dependencies": {
          "Microsoft.WindowsAppSDK.Base": "1.8.250831001",
          "Microsoft.WindowsAppSDK.Foundation": "1.8.251104000",
          "System.Numerics.Tensors": "9.0.0"
        }
      },
      "Microsoft.WindowsAppSDK.Runtime": {
        "type": "Transitive",
        "resolved": "1.8.251106002",
        "contentHash": "5piaqsoXOTFXdtiGoqLhVPkG0HE3UD0g/S4D2i7I8MPO48eoaESJ4y/oUHzZFmSaqLQROWe8NJ9rXXNxxiL/gw==",
        "dependencies": {
          "Microsoft.WindowsAppSDK.Base": "1.8.250831001"
        }
      },
      "Microsoft.WindowsAppSDK.Widgets": {
        "type": "Transitive",
        "resolved": "1.8.250904007",
        "contentHash": "sgwdXYhb8S4JjBmWWiFxALT1xK0fJeAbisolctmodMX7tlvBXDgUyvl/GHfTQ61DGIiW+kokX61WR46L2YlhAA==",
        "dependencies": {
          "Microsoft.WindowsAppSDK.Base": "1.8.250831001"
        }
      },
      "Microsoft.WindowsAppSDK.WinUI": {
        "type": "Transitive",
        "resolved": "1.8.251105000",
        "contentHash": "G/f0Z27ALjjrrfjCUPxPSBkG6eLB20pBja8AFIOI87oYMGUKGwuMuZn7LqPkeQJMFPo04FonfljdJCIpsfnnbw==",
        "dependencies": {
          "Microsoft.Web.WebView2": "1.0.3179.45",
          "Microsoft.WindowsAppSDK.Base": "1.8.250831001",
          "Microsoft.WindowsAppSDK.Foundation": "1.8.251104000",
          "Microsoft.WindowsAppSDK.InteractiveExperiences": "1.8.251104001"
        }
      },
      "ScottPlot": {
        "type": "Transitive",
        "resolved": "5.1.57",
        "contentHash": "x/4nH1T6ILZyVhCsJDd3GYE3DW4xnXk1q1KOHDBOXld8+BooNtjUlE3wPI6Un82/VYQ2h1J6E4wGC8GdN62B+w==",
        "dependencies": {
          "HarfBuzzSharp.NativeAssets.Linux": "8.3.1.1",
          "SkiaSharp": "3.119.0",
          "SkiaSharp.HarfBuzz": "3.119.0",
          "SkiaSharp.NativeAssets.Linux.NoDependencies": "3.119.0"
        }
      },
      "SkiaSharp": {
        "type": "Transitive",
        "resolved": "3.119.0",
        "contentHash": "gR9yVoOta2Mc1Rxt15LD65AckfHMfwjIs/3kkD59C9bT2nYYISsE6uz3t4aMPNHA6CgsIL0Ssn+jE5OVilZ1yw==",
        "dependencies": {
          "SkiaSharp.NativeAssets.Win32": "3.119.0"
        }
      },
      "SkiaSharp.HarfBuzz": {
        "type": "Transitive",
        "resolved": "3.119.0",
        "contentHash": "5ocGzl+RYEZFnUPUbModshnEFvKTku4hTtOBsLvy5MCK2KAHjq5Nw2+uAVUx79Rjh0z8fTojT6ZVav8MJgW0ug==",
        "dependencies": {
          "HarfBuzzSharp": "8.3.1.1",
          "SkiaSharp": "3.119.0"
        }
      },
      "SkiaSharp.NativeAssets.Linux.NoDependencies": {
        "type": "Transitive",
        "resolved": "3.119.0",
        "contentHash": "e92vdqf1VOETPjy1T67Fs1zPxfGMM1nbrpt69GM5foXSI/iIbq6L9avPz/bl/DbWtb81D0yF/NKjRmXuOZoLcg=="
      },
      "SkiaSharp.NativeAssets.Win32": {
        "type": "Transitive",
        "resolved": "3.119.0",
        "contentHash": "IwC9yx36lOdXVT2DjgmWHl1qkVspfj8ctd4+li8CNnvqdfaTolXCOh6TLznURcPAvzatx9K/tLOB7zT6T8EA9w=="
      },
      "SkiaSharp.NativeAssets.WinUI": {
        "type": "Transitive",
        "resolved": "3.119.0",
        "contentHash": "3SKd21ukSNowYTw36gnYdUL7VZMZD3/LQCcM1DygvpTqt+YaetsufJjuSqj0mdfz6V2EZvyIkDYR0K93Gb3Dog=="
      },
      "SkiaSharp.Views.WinUI": {
        "type": "Transitive",
        "resolved": "3.119.0",
        "contentHash": "ApBQ+okTw05BTSdw1wALI2IwJgQ0eXa2nvzoLMTHtbTtrQiGJzMR0K//Qh4PkYrVI5LPSd8NdG9R1B0L6gRiSg==",
        "dependencies": {
          "Microsoft.WindowsAppSDK": "1.4.230913002",
          "SkiaSharp": "3.119.0",
          "SkiaSharp.NativeAssets.WinUI": "3.119.0"
        }
      },
      "System.CodeDom": {
        "type": "Transitive",
        "resolved": "9.0.10",
        "contentHash": "00dAIR9Zx+F+AaipjaQmudX3VVpzYvT0bKVD3WcJq6om6pKNrldnp5bSR0VV6IlwDBa1HObGD+sTFaT/I9bBng=="
      },
      "System.Collections.Immutable": {
        "type": "Transitive",
        "resolved": "9.0.1",
        "contentHash": "qt4+ClsZYKzar/Rw1zbt0t9iuBUCLVNsjXicEuVQyKL7143CwhWzI2gTwzz8AhSaFYVHnpcb8SBGA+zaY4weUg=="
      },
      "System.Diagnostics.EventLog": {
        "type": "Transitive",
        "resolved": "9.0.10",
        "contentHash": "Jc+az1pTMujPLDn2j5eqSfzlO7j/T1K/LB7THxdfRWOxujE4zaitUqBs7sv1t6/xmmvpU6Xx3IofCs4owYH0yQ=="
      },
      "System.Drawing.Common": {
        "type": "Transitive",
        "resolved": "9.0.1",
        "contentHash": "TTPkCqSMyMaG8BXlBKYTTJFtLV0SvjjsvgUN598hYgHaX/5B7tdUc2JhQF9vwrYmlzxId+gwFnKYuxQ2XsSz2g==",
        "dependencies": {
          "Microsoft.Win32.SystemEvents": "9.0.1"
        }
      },
      "System.Numerics.Tensors": {
        "type": "Transitive",
        "resolved": "9.0.0",
        "contentHash": "hyJB4UlpAi19Xr9AXzu2NuagKC4lPfHObNMEAA0HmqFz2rX7wKgzeYzO/jM/eBHDhnUGFFEjk5cOoJaxqg5J4A=="
      },
      "System.Reflection.Metadata": {
        "type": "Transitive",
        "resolved": "9.0.1",
        "contentHash": "XGkA0wiS4vbZu708VtlgSh40stW2ucDriDItkiJUnnp867x5HaBfmoTqdA00DYG0Ld7Kg0cLvEPkUEUxputgzQ=="
      },
      "System.Security.AccessControl": {
        "type": "Transitive",
        "resolved": "6.0.1",
        "contentHash": "IQ4NXP/B3Ayzvw0rDQzVTYsCKyy0Jp9KI6aYcK7UnGVlR9+Awz++TIPCQtPYfLJfOpm8ajowMR09V7quD3sEHw=="
      },
      "System.Security.Cryptography.Pkcs": {
        "type": "Transitive",
        "resolved": "8.0.1",
        "contentHash": "CoCRHFym33aUSf/NtWSVSZa99dkd0Hm7OCZUxORBjRB16LNhIEOf8THPqzIYlvKM0nNDAPTRBa1FxEECrgaxxA=="
      },
      "System.Security.Cryptography.Xml": {
        "type": "Transitive",
        "resolved": "8.0.2",
        "contentHash": "aDM/wm0ZGEZ6ZYJLzgqjp2FZdHbDHh6/OmpGfb7AdZ105zYmPn/83JRU2xLIbwgoNz9U1SLUTJN0v5th3qmvjA==",
        "dependencies": {
          "System.Security.Cryptography.Pkcs": "8.0.1"
        }
      },
      "System.Security.Principal.Windows": {
        "type": "Transitive",
        "resolved": "5.0.0",
        "contentHash": "t0MGLukB5WAVU9bO3MGzvlGnyJPgUlcwerXn1kzBRjwLKixT96XV0Uza41W49gVd8zEMFu9vQEFlv0IOrytICA=="
      },
      "System.ServiceModel.NetFramingBase": {
        "type": "Transitive",
        "resolved": "8.1.2",
        "contentHash": "XDNsiI4Lrv4scb10salZNbUDJNYj3Qm39KeN9uulKXbgcxF/fNC+hCrLDAhNz/rIqxOeRB/JCfQ4A/Ha0hFAWg==",
        "dependencies": {
          "System.ServiceModel.Primitives": "8.1.2"
        }
      },
      "System.Text.Json": {
        "type": "Transitive",
        "resolved": "9.0.8",
        "contentHash": "mIQir9jBqk0V7X0Nw5hzPJZC8DuGdf+2DS3jAVsr6rq5+/VyH5rza0XGcONJUWBrZ+G6BCwNyjWYd9lncBu48A=="
      },
      "saku overclock.core": {
        "type": "Project",
        "dependencies": {
          "Newtonsoft.Json": "[13.0.2, )"
        }
      }
    },
    "net9.0-windows10.0.19041/win-x64": {
      "Microsoft.Graphics.Win2D": {
        "type": "Direct",
        "requested": "[1.3.2, )",
        "resolved": "1.3.2",
        "contentHash": "xAv4+Xj8wePW1innIUSXebX6UHMGDzOxwKPwYNUNY7mBrsRL/hPFEtuPLpBSxc3iBnuaCogPDCDeN7T4b1xV0Q==",
        "dependencies": {
          "Microsoft.WindowsAppSDK": "1.6.241114003"
        }
      },
      "System.Management": {
        "type": "Direct",
        "requested": "[9.0.10, )",
        "resolved": "9.0.10",
        "contentHash": "kJY2C6MjKSqfRkEnc8gn4Jth81Anrgxxpu0MffjEadfpp0Ll/gdGpYnDhRWZd+iFttkfZC0uCjFmCrZARRqq4w==",
        "dependencies": {
          "System.CodeDom": "9.0.10"
        }
      },
      "System.ServiceProcess.ServiceController": {
        "type": "Direct",
        "requested": "[9.0.10, )",
        "resolved": "9.0.10",
        "contentHash": "dmH+qHQ5wMjvEI0M2s6J+vmaU9L9ID2D9DWMFa7FiTfINfo3e3zeL4ljX7Dg5gCnFIULPFip2ej2iIAC3X6MFw==",
        "dependencies": {
          "System.Diagnostics.EventLog": "9.0.10"
        }
      },
      "System.Threading.AccessControl": {
        "type": "Direct",
        "requested": "[9.0.10, )",
        "resolved": "9.0.10",
        "contentHash": "eI/pq6KpqMO8TrQPxg6ZRdJvQqB+dw5Uax56UkDE3ZH6x9jQ7VD+ir4JUPD3XtKCUhDjy9FLGWfUAx5Jbz+K1Q=="
      },
      "HarfBuzzSharp.NativeAssets.Linux": {
        "type": "Transitive",
        "resolved": "8.3.1.1",
        "contentHash": "3EZ1mpIiKWRLL5hUYA82ZHteeDIVaEA/Z0rA/wU6tjx6crcAkJnBPwDXZugBSfo8+J3EznvRJf49uMsqYfKrHg=="
      },
      "HarfBuzzSharp.NativeAssets.Win32": {
        "type": "Transitive",
        "resolved": "8.3.1.1",
        "contentHash": "UsJtQsfAJoFDZrXc4hCUfRPMqccfKZ0iumJ/upcUjz/cmsTgVFGNEL5yaJWmkqsuFYdMWbj/En5/kS4PFl9hBA=="
      },
      "Microsoft.Web.WebView2": {
        "type": "Transitive",
        "resolved": "1.0.3179.45",
        "contentHash": "3pokSH5CnN0G6rGhGFo1y87inxYhNxBQ2Vdf0wlvBj99KHxQJormjDACmqRnFeUsmuNFIhWwfAL1ztq7wD5qRA=="
      },
      "Microsoft.Win32.Registry": {
        "type": "Transitive",
        "resolved": "5.0.0",
        "contentHash": "dDoKi0PnDz31yAyETfRntsLArTlVAVzUzCIvvEDsDsucrl33Dl8pIJG06ePTJTI3tGpeyHS9Cq7Foc/s4EeKcg==",
        "dependencies": {
          "System.Security.AccessControl": "5.0.0",
          "System.Security.Principal.Windows": "5.0.0"
        }
      },
      "Microsoft.Win32.SystemEvents": {
        "type": "Transitive",
        "resolved": "9.0.1",
        "contentHash": "OxjcwJqBW/5A1111+vL9d+5KYTvOzeCTJY9zHZ0kpQI4wX075p6L7inHPSYuf0MGakVjUvaShvw9e9pfbInU2Q=="
      },
      "Microsoft.WindowsAppSDK.Foundation": {
        "type": "Transitive",
        "resolved": "1.8.251104000",
        "contentHash": "vvL3zpC8klGcaxUA7RbMuUMVAABD7jEMFhNKGAewOvey18i64mslbU0aIQM3+Bu4tQKsaGXSWYrJFsAU/Op4OA==",
        "dependencies": {
          "Microsoft.WindowsAppSDK.Base": "1.8.250831001",
          "Microsoft.WindowsAppSDK.InteractiveExperiences": "1.8.251104001"
        }
      },
      "SkiaSharp.NativeAssets.Linux.NoDependencies": {
        "type": "Transitive",
        "resolved": "3.119.0",
        "contentHash": "e92vdqf1VOETPjy1T67Fs1zPxfGMM1nbrpt69GM5foXSI/iIbq6L9avPz/bl/DbWtb81D0yF/NKjRmXuOZoLcg=="
      },
      "SkiaSharp.NativeAssets.Win32": {
        "type": "Transitive",
        "resolved": "3.119.0",
        "contentHash": "IwC9yx36lOdXVT2DjgmWHl1qkVspfj8ctd4+li8CNnvqdfaTolXCOh6TLznURcPAvzatx9K/tLOB7zT6T8EA9w=="
      },
      "SkiaSharp.NativeAssets.WinUI": {
        "type": "Transitive",
        "resolved": "3.119.0",
        "contentHash": "3SKd21ukSNowYTw36gnYdUL7VZMZD3/LQCcM1DygvpTqt+YaetsufJjuSqj0mdfz6V2EZvyIkDYR0K93Gb3Dog=="
      },
      "System.Diagnostics.EventLog": {
        "type": "Transitive",
        "resolved": "9.0.10",
        "contentHash": "Jc+az1pTMujPLDn2j5eqSfzlO7j/T1K/LB7THxdfRWOxujE4zaitUqBs7sv1t6/xmmvpU6Xx3IofCs4owYH0yQ=="
      },
      "System.Security.AccessControl": {
        "type": "Transitive",
        "resolved": "6.0.1",
        "contentHash": "IQ4NXP/B3Ayzvw0rDQzVTYsCKyy0Jp9KI6aYcK7UnGVlR9+Awz++TIPCQtPYfLJfOpm8ajowMR09V7quD3sEHw=="
      },
      "System.Security.Cryptography.Pkcs": {
        "type": "Transitive",
        "resolved": "8.0.1",
        "contentHash": "CoCRHFym33aUSf/NtWSVSZa99dkd0Hm7OCZUxORBjRB16LNhIEOf8THPqzIYlvKM0nNDAPTRBa1FxEECrgaxxA=="
      },
      "System.Security.Principal.Windows": {
        "type": "Transitive",
        "resolved": "5.0.0",
        "contentHash": "t0MGLukB5WAVU9bO3MGzvlGnyJPgUlcwerXn1kzBRjwLKixT96XV0Uza41W49gVd8zEMFu9vQEFlv0IOrytICA=="
      }
    }
  }
}